
Microsoft Visual Studio Solution File, Format Version 12.00
# Visual Studio 15
VisualStudioVersion = 15.0.27428.2037
MinimumVisualStudioVersion = 10.0.40219.1
Project("{2150E333-8FDC-42A3-9474-1A3956D46DE8}") = "src", "src", "{09783760-1A43-4EF8-ADE0-37AEBD306C11}"
EndProject
Project("{FAE04EC0-301F-11D3-BF4B-00C04F79EFBC}") = "darkdata", "darkdata\darkdata\darkdata.csproj", "{566CDADA-164D-4413-B702-DD2FDC7B6AE1}"
EndProject
Project("{FAE04EC0-301F-11D3-BF4B-00C04F79EFBC}") = "DAL", "darkdata\DAL\DAL.csproj", "{A751EA59-21AF-4CC2-9B01-18BDCCF7BFD4}"
EndProject
Global
	GlobalSection(SolutionConfigurationPlatforms) = preSolution
		Debug|Any CPU = Debug|Any CPU
		Release|Any CPU = Release|Any CPU
	EndGlobalSection
	GlobalSection(ProjectConfigurationPlatforms) = postSolution
		{566CDADA-164D-4413-B702-DD2FDC7B6AE1}.Debug|Any CPU.ActiveCfg = Debug|Any CPU
		{566CDADA-164D-4413-B702-DD2FDC7B6AE1}.Debug|Any CPU.Build.0 = Debug|Any CPU
		{566CDADA-164D-4413-B702-DD2FDC7B6AE1}.Release|Any CPU.ActiveCfg = Release|Any CPU
		{566CDADA-164D-4413-B702-DD2FDC7B6AE1}.Release|Any CPU.Build.0 = Release|Any CPU
		{A751EA59-21AF-4CC2-9B01-18BDCCF7BFD4}.Debug|Any CPU.ActiveCfg = Debug|Any CPU
		{A751EA59-21AF-4CC2-9B01-18BDCCF7BFD4}.Debug|Any CPU.Build.0 = Debug|Any CPU
		{A751EA59-21AF-4CC2-9B01-18BDCCF7BFD4}.Release|Any CPU.ActiveCfg = Release|Any CPU
		{A751EA59-21AF-4CC2-9B01-18BDCCF7BFD4}.Release|Any CPU.Build.0 = Release|Any CPU
	EndGlobalSection
	GlobalSection(SolutionProperties) = preSolution
		HideSolutionNode = FALSE
	EndGlobalSection
	GlobalSection(NestedProjects) = preSolution
		{566CDADA-164D-4413-B702-DD2FDC7B6AE1} = {09783760-1A43-4EF8-ADE0-37AEBD306C11}
		{A751EA59-21AF-4CC2-9B01-18BDCCF7BFD4} = {09783760-1A43-4EF8-ADE0-37AEBD306C11}
	EndGlobalSection
	GlobalSection(ExtensibilityGlobals) = postSolution
		SolutionGuid = {376C9334-B6A6-4621-8375-513B1BE96353}
	EndGlobalSection
EndGlobal
